
Microsoft Visual Studio Solution File, Format Version 10.00
# Visual Studio 2008
Project("{8BC9CEB8-8B4A-11D0-8D11-00A0C91BC942}") = "Sudoku-Checker", "Sudoku-Checker\Sudoku-Checker.vcproj", "{B59A0826-7EA0-4E5C-8A9A-CE264FC0CEC3}"
EndProject
Global
	GlobalSection(SolutionConfigurationPlatforms) = preSolution
		Debug|Win32 = Debug|Win32
		Release|Win32 = Release|Win32
	EndGlobalSection
	GlobalSection(ProjectConfigurationPlatforms) = postSolution
		{B59A0826-7EA0-4E5C-8A9A-CE264FC0CEC3}.Debug|Win32.ActiveCfg = Debug|Win32
		{B59A0826-7EA0-4E5C-8A9A-CE264FC0CEC3}.Debug|Win32.Build.0 = Debug|Win32
		{B59A0826-7EA0-4E5C-8A9A-CE264FC0CEC3}.Release|Win32.ActiveCfg = Release|Win32
		{B59A0826-7EA0-4E5C-8A9A-CE264FC0CEC3}.Release|Win32.Build.0 = Release|Win32
	EndGlobalSection
	GlobalSection(SolutionProperties) = preSolution
		HideSolutionNode = FALSE
	EndGlobalSection
EndGlobal
